
Microsoft Visual Studio Solution File, Format Version 12.00
# Visual Studio 15
VisualStudioVersion = 15.0.27130.2010
MinimumVisualStudioVersion = 10.0.40219.1
Project("{FAE04EC0-301F-11D3-BF4B-00C04F79EFBC}") = "Geointegrasjon.Matrikkelfoering.Sample", "Geointegrasjon.Matrikkelfoering.Sample\Geointegrasjon.Matrikkelfoering.Sample.csproj", "{3E93FD5B-D507-46E3-B899-EB411CCB9176}"
EndProject
Global
	GlobalSection(SolutionConfigurationPlatforms) = preSolution
		Debug|Any CPU = Debug|Any CPU
		Release|Any CPU = Release|Any CPU
	EndGlobalSection
	GlobalSection(ProjectConfigurationPlatforms) = postSolution
		{3E93FD5B-D507-46E3-B899-EB411CCB9176}.Debug|Any CPU.ActiveCfg = Debug|Any CPU
		{3E93FD5B-D507-46E3-B899-EB411CCB9176}.Debug|Any CPU.Build.0 = Debug|Any CPU
		{3E93FD5B-D507-46E3-B899-EB411CCB9176}.Release|Any CPU.ActiveCfg = Release|Any CPU
		{3E93FD5B-D507-46E3-B899-EB411CCB9176}.Release|Any CPU.Build.0 = Release|Any CPU
	EndGlobalSection
	GlobalSection(SolutionProperties) = preSolution
		HideSolutionNode = FALSE
	EndGlobalSection
	GlobalSection(ExtensibilityGlobals) = postSolution
		SolutionGuid = {40796A62-DF25-44EF-B72F-B60E5B6C9AEE}
	EndGlobalSection
EndGlobal
